
Microsoft Visual Studio Solution File, Format Version 12.00
# Visual Studio Version 16
VisualStudioVersion = 16.0.32228.343
MinimumVisualStudioVersion = 10.0.40219.1
Project("{FAE04EC0-301F-11D3-BF4B-00C04F79EFBC}") = "SimchaFund.Web", "SimchaFund.Web\SimchaFund.Web.csproj", "{B120B35D-B6F4-485D-946C-34F5960C0F3F}"
EndProject
Project("{FAE04EC0-301F-11D3-BF4B-00C04F79EFBC}") = "SimchaFund.Data", "SimchaFund.Data\SimchaFund.Data.csproj", "{F6549698-EA37-47C9-B1A8-3C94401F9E72}"
EndProject
Global
	GlobalSection(SolutionConfigurationPlatforms) = preSolution
		Debug|Any CPU = Debug|Any CPU
		Release|Any CPU = Release|Any CPU
	EndGlobalSection
	GlobalSection(ProjectConfigurationPlatforms) = postSolution
		{B120B35D-B6F4-485D-946C-34F5960C0F3F}.Debug|Any CPU.ActiveCfg = Debug|Any CPU
		{B120B35D-B6F4-485D-946C-34F5960C0F3F}.Debug|Any CPU.Build.0 = Debug|Any CPU
		{B120B35D-B6F4-485D-946C-34F5960C0F3F}.Release|Any CPU.ActiveCfg = Release|Any CPU
		{B120B35D-B6F4-485D-946C-34F5960C0F3F}.Release|Any CPU.Build.0 = Release|Any CPU
		{F6549698-EA37-47C9-B1A8-3C94401F9E72}.Debug|Any CPU.ActiveCfg = Debug|Any CPU
		{F6549698-EA37-47C9-B1A8-3C94401F9E72}.Debug|Any CPU.Build.0 = Debug|Any CPU
		{F6549698-EA37-47C9-B1A8-3C94401F9E72}.Release|Any CPU.ActiveCfg = Release|Any CPU
		{F6549698-EA37-47C9-B1A8-3C94401F9E72}.Release|Any CPU.Build.0 = Release|Any CPU
	EndGlobalSection
	GlobalSection(SolutionProperties) = preSolution
		HideSolutionNode = FALSE
	EndGlobalSection
	GlobalSection(ExtensibilityGlobals) = postSolution
		SolutionGuid = {861B2CCF-37EF-4293-9D2F-562742DA6402}
	EndGlobalSection
EndGlobal
